<?xml version="1.0" encoding="utf-8"?>
<Project ToolsVersion="4.0" xmlns="http://schemas.microsoft.com/developer/msbuild/2003">
  <ItemGroup>
    <Filter Include="base">
      <UniqueIdentifier>{58280598-ee40-4699-8154-716f779bd9cc}</UniqueIdentifier>
    </Filter>
    <Filter Include="pb">
      <UniqueIdentifier>{f51ad039-7dbd-4c5c-9c47-ed067ee0d8fb}</UniqueIdentifier>
    </Filter>
    <Filter Include="include">
      <UniqueIdentifier>{3c4cfcfa-901f-42c0-b3a2-3a449164814e}</UniqueIdentifier>
    </Filter>
    <Filter Include="raft">
      <UniqueIdentifier>{71bced56-382a-44ac-8e78-257f84c91a44}</UniqueIdentifier>
    </Filter>
    <Filter Include="interface">
      <UniqueIdentifier>{2ca36d45-b0b7-40e7-9532-15617e264e33}</UniqueIdentifier>
    </Filter>
    <Filter Include="common">
      <UniqueIdentifier>{33ac966f-1317-4e73-8bb8-3c6891dd5b17}</UniqueIdentifier>
    </Filter>
  </ItemGroup>
  <ItemGroup>
    <ClInclude Include="..\interface\INet.h">
      <Filter>interface</Filter>
    </ClInclude>
    <ClInclude Include="..\include\RaftClient.h">
      <Filter>include</Filter>
    </ClInclude>
    <ClInclude Include="..\base\Any.h">
      <Filter>base</Filter>
    </ClInclude>
    <ClInclude Include="..\base\BlockMemoryPool.h">
      <Filter>base</Filter>
    </ClInclude>
    <ClInclude Include="..\base\Buffer.h">
      <Filter>base</Filter>
    </ClInclude>
    <ClInclude Include="..\base\config.h">
      <Filter>base</Filter>
    </ClInclude>
    <ClInclude Include="..\base\Log.h">
      <Filter>base</Filter>
    </ClInclude>
    <ClInclude Include="..\base\LoopBuffer.h">
      <Filter>base</Filter>
    </ClInclude>
    <ClInclude Include="..\base\MemoryPool.h">
      <Filter>base</Filter>
    </ClInclude>
    <ClInclude Include="..\base\PoolSharedPtr.h">
      <Filter>base</Filter>
    </ClInclude>
    <ClInclude Include="..\base\Runnable.h">
      <Filter>base</Filter>
    </ClInclude>
    <ClInclude Include="..\base\RunnableAloneTaskList.h">
      <Filter>base</Filter>
    </ClInclude>
    <ClInclude Include="..\base\RunnableAloneTaskListWithPost.h">
      <Filter>base</Filter>
    </ClInclude>
    <ClInclude Include="..\base\RunnableShareTaskList.h">
      <Filter>base</Filter>
    </ClInclude>
    <ClInclude Include="..\base\Single.h">
      <Filter>base</Filter>
    </ClInclude>
    <ClInclude Include="..\base\TaskQueue.h">
      <Filter>base</Filter>
    </ClInclude>
    <ClInclude Include="..\base\TimeTool.h">
      <Filter>base</Filter>
    </ClInclude>
    <ClInclude Include="..\base\TSQueue.h">
      <Filter>base</Filter>
    </ClInclude>
    <ClInclude Include="..\raft\ClientRaftImpl.h">
      <Filter>raft</Filter>
    </ClInclude>
    <ClInclude Include="..\interface\IConfig.h">
      <Filter>interface</Filter>
    </ClInclude>
    <ClInclude Include="..\common\ConfigImpl.h">
      <Filter>common</Filter>
    </ClInclude>
    <ClInclude Include="..\common\CppnetImpl.h">
      <Filter>common</Filter>
    </ClInclude>
    <ClInclude Include="..\pb\message.pb.h">
      <Filter>pb</Filter>
    </ClInclude>
  </ItemGroup>
  <ItemGroup>
    <ClCompile Include="..\base\BlockMemoryPool.cpp">
      <Filter>base</Filter>
    </ClCompile>
    <ClCompile Include="..\base\Buffer.cpp">
      <Filter>base</Filter>
    </ClCompile>
    <ClCompile Include="..\base\config.cpp">
      <Filter>base</Filter>
    </ClCompile>
    <ClCompile Include="..\base\Log.cpp">
      <Filter>base</Filter>
    </ClCompile>
    <ClCompile Include="..\base\LoopBuffer.cpp">
      <Filter>base</Filter>
    </ClCompile>
    <ClCompile Include="..\base\MemoryPool.cpp">
      <Filter>base</Filter>
    </ClCompile>
    <ClCompile Include="..\base\TimeTool.cpp">
      <Filter>base</Filter>
    </ClCompile>
    <ClCompile Include="..\raft\ClientRaftImpl.cpp">
      <Filter>raft</Filter>
    </ClCompile>
    <ClCompile Include="..\raft\RaftClient.cpp">
      <Filter>raft</Filter>
    </ClCompile>
    <ClCompile Include="..\common\ConfigImpl.cpp">
      <Filter>common</Filter>
    </ClCompile>
    <ClCompile Include="..\common\CppnetImpl.cpp">
      <Filter>common</Filter>
    </ClCompile>
    <ClCompile Include="..\pb\message.pb.cc">
      <Filter>pb</Filter>
    </ClCompile>
  </ItemGroup>
  <ItemGroup>
    <None Include="..\pb\message.proto">
      <Filter>pb</Filter>
    </None>
  </ItemGroup>
</Project>