<?xml version="1.0" encoding="utf-8"?>
<Project ToolsVersion="15.0" xmlns="http://schemas.microsoft.com/developer/msbuild/2003">
  <ItemGroup>
    <Filter Include="base">
      <UniqueIdentifier>{b2604f31-7e2c-4b99-9ef4-f2bcc9363439}</UniqueIdentifier>
    </Filter>
    <Filter Include="common">
      <UniqueIdentifier>{c176ceb4-bebd-44a3-bcb6-def7b79d24f9}</UniqueIdentifier>
    </Filter>
    <Filter Include="interface">
      <UniqueIdentifier>{0981b299-3974-45b1-95b5-2ac8bfb7ffc3}</UniqueIdentifier>
    </Filter>
    <Filter Include="pb">
      <UniqueIdentifier>{8a7b31d6-0740-4d0c-92e3-92ac4a248be6}</UniqueIdentifier>
    </Filter>
    <Filter Include="raft">
      <UniqueIdentifier>{81bdcc85-b75e-480f-8b08-7d26973af022}</UniqueIdentifier>
    </Filter>
    <Filter Include="include">
      <UniqueIdentifier>{29a35f6d-3391-4d3b-92ee-91b0652a74b9}</UniqueIdentifier>
    </Filter>
  </ItemGroup>
  <ItemGroup>
    <ClInclude Include="base\Any.h">
      <Filter>base</Filter>
    </ClInclude>
    <ClInclude Include="base\BlockMemoryPool.h">
      <Filter>base</Filter>
    </ClInclude>
    <ClInclude Include="base\Buffer.h">
      <Filter>base</Filter>
    </ClInclude>
    <ClInclude Include="base\config.h">
      <Filter>base</Filter>
    </ClInclude>
    <ClInclude Include="base\Log.h">
      <Filter>base</Filter>
    </ClInclude>
    <ClInclude Include="base\LoopBuffer.h">
      <Filter>base</Filter>
    </ClInclude>
    <ClInclude Include="base\MemoryPool.h">
      <Filter>base</Filter>
    </ClInclude>
    <ClInclude Include="base\PoolSharedPtr.h">
      <Filter>base</Filter>
    </ClInclude>
    <ClInclude Include="base\Runnable.h">
      <Filter>base</Filter>
    </ClInclude>
    <ClInclude Include="base\RunnableAloneTaskList.h">
      <Filter>base</Filter>
    </ClInclude>
    <ClInclude Include="base\RunnableAloneTaskListWithPost.h">
      <Filter>base</Filter>
    </ClInclude>
    <ClInclude Include="base\RunnableShareTaskList.h">
      <Filter>base</Filter>
    </ClInclude>
    <ClInclude Include="base\Single.h">
      <Filter>base</Filter>
    </ClInclude>
    <ClInclude Include="base\TaskQueue.h">
      <Filter>base</Filter>
    </ClInclude>
    <ClInclude Include="base\TimeTool.h">
      <Filter>base</Filter>
    </ClInclude>
    <ClInclude Include="base\TSQueue.h">
      <Filter>base</Filter>
    </ClInclude>
    <ClInclude Include="common\CommitEntriesDisk.h">
      <Filter>common</Filter>
    </ClInclude>
    <ClInclude Include="common\Entries.h">
      <Filter>common</Filter>
    </ClInclude>
    <ClInclude Include="interface\ICommitEntries.h">
      <Filter>interface</Filter>
    </ClInclude>
    <ClInclude Include="interface\IRole.h">
      <Filter>interface</Filter>
    </ClInclude>
    <ClInclude Include="interface\ITimer.h">
      <Filter>interface</Filter>
    </ClInclude>
    <ClInclude Include="raft\LeaderRole.h">
      <Filter>raft</Filter>
    </ClInclude>
    <ClInclude Include="interface\INet.h">
      <Filter>interface</Filter>
    </ClInclude>
    <ClInclude Include="interface\INode.h">
      <Filter>interface</Filter>
    </ClInclude>
    <ClInclude Include="pb\message.pb.h">
      <Filter>pb</Filter>
    </ClInclude>
    <ClInclude Include="raft\FollowerRole.h">
      <Filter>raft</Filter>
    </ClInclude>
    <ClInclude Include="raft\CandidateRole.h">
      <Filter>raft</Filter>
    </ClInclude>
    <ClInclude Include="raft\RaftMediator.h">
      <Filter>raft</Filter>
    </ClInclude>
    <ClInclude Include="raft\RoleData.h">
      <Filter>raft</Filter>
    </ClInclude>
    <ClInclude Include="common\CppnetImpl.h">
      <Filter>common</Filter>
    </ClInclude>
    <ClInclude Include="interface\IConfig.h">
      <Filter>interface</Filter>
    </ClInclude>
    <ClInclude Include="common\RaftTimer.h">
      <Filter>common</Filter>
    </ClInclude>
    <ClInclude Include="interface\INodeManager.h">
      <Filter>interface</Filter>
    </ClInclude>
    <ClInclude Include="common\ConfigImpl.h">
      <Filter>common</Filter>
    </ClInclude>
    <ClInclude Include="raft\NodeManager.h">
      <Filter>raft</Filter>
    </ClInclude>
    <ClInclude Include="raft\Node.h">
      <Filter>raft</Filter>
    </ClInclude>
    <ClInclude Include="include\Raft.h">
      <Filter>include</Filter>
    </ClInclude>
    <ClInclude Include="common\CppnetImplCommon.h">
      <Filter>common</Filter>
    </ClInclude>
  </ItemGroup>
  <ItemGroup>
    <ClCompile Include="base\BlockMemoryPool.cpp">
      <Filter>base</Filter>
    </ClCompile>
    <ClCompile Include="base\Buffer.cpp">
      <Filter>base</Filter>
    </ClCompile>
    <ClCompile Include="base\config.cpp">
      <Filter>base</Filter>
    </ClCompile>
    <ClCompile Include="base\Log.cpp">
      <Filter>base</Filter>
    </ClCompile>
    <ClCompile Include="base\LoopBuffer.cpp">
      <Filter>base</Filter>
    </ClCompile>
    <ClCompile Include="base\MemoryPool.cpp">
      <Filter>base</Filter>
    </ClCompile>
    <ClCompile Include="base\TimeTool.cpp">
      <Filter>base</Filter>
    </ClCompile>
    <ClCompile Include="common\CommitEntriesDisk.cpp">
      <Filter>common</Filter>
    </ClCompile>
    <ClCompile Include="common\Entries.cpp">
      <Filter>common</Filter>
    </ClCompile>
    <ClCompile Include="raft\LeaderRole.cpp">
      <Filter>raft</Filter>
    </ClCompile>
    <ClCompile Include="raft\FollowerRole.cpp">
      <Filter>raft</Filter>
    </ClCompile>
    <ClCompile Include="raft\CandidateRole.cpp">
      <Filter>raft</Filter>
    </ClCompile>
    <ClCompile Include="raft\RaftMediator.cpp">
      <Filter>raft</Filter>
    </ClCompile>
    <ClCompile Include="common\CppnetImpl.cpp">
      <Filter>common</Filter>
    </ClCompile>
    <ClCompile Include="common\RaftTimer.cpp">
      <Filter>common</Filter>
    </ClCompile>
    <ClCompile Include="common\ConfigImpl.cpp">
      <Filter>common</Filter>
    </ClCompile>
    <ClCompile Include="raft\NodeManager.cpp">
      <Filter>raft</Filter>
    </ClCompile>
    <ClCompile Include="raft\Node.cpp">
      <Filter>raft</Filter>
    </ClCompile>
    <ClCompile Include="raft\Raft.cpp">
      <Filter>raft</Filter>
    </ClCompile>
    <ClCompile Include="pb\message.pb.cpp">
      <Filter>pb</Filter>
    </ClCompile>
  </ItemGroup>
  <ItemGroup>
    <None Include="pb\message.proto">
      <Filter>pb</Filter>
    </None>
  </ItemGroup>
</Project>